
Microsoft Visual Studio Solution File, Format Version 12.00
# Visual Studio Version 17
VisualStudioVersion = 17.3.32922.545
MinimumVisualStudioVersion = 10.0.40219.1
Project("{FAE04EC0-301F-11D3-BF4B-00C04F79EFBC}") = "Final_Wave", "Final_Wave\Final_Wave.csproj", "{93C4E16B-F087-46EE-9F35-FA8DC8AED300}"
EndProject
Project("{FAE04EC0-301F-11D3-BF4B-00C04F79EFBC}") = "Final_Wave.DataLayer", "Final_Wave.DataLayer\Final_Wave.DataLayer.csproj", "{12BAFB30-127C-4A0E-8379-02FF9E80F699}"
EndProject
Project("{FAE04EC0-301F-11D3-BF4B-00C04F79EFBC}") = "Final-Wave.Core", "Final-Wave.Core\Final-Wave.Core.csproj", "{628A3A94-FA7F-49E2-A202-960D8CD650A0}"
EndProject
Global
	GlobalSection(SolutionConfigurationPlatforms) = preSolution
		Debug|Any CPU = Debug|Any CPU
		Release|Any CPU = Release|Any CPU
	EndGlobalSection
	GlobalSection(ProjectConfigurationPlatforms) = postSolution
		{93C4E16B-F087-46EE-9F35-FA8DC8AED300}.Debug|Any CPU.ActiveCfg = Debug|Any CPU
		{93C4E16B-F087-46EE-9F35-FA8DC8AED300}.Debug|Any CPU.Build.0 = Debug|Any CPU
		{93C4E16B-F087-46EE-9F35-FA8DC8AED300}.Release|Any CPU.ActiveCfg = Release|Any CPU
		{93C4E16B-F087-46EE-9F35-FA8DC8AED300}.Release|Any CPU.Build.0 = Release|Any CPU
		{12BAFB30-127C-4A0E-8379-02FF9E80F699}.Debug|Any CPU.ActiveCfg = Debug|Any CPU
		{12BAFB30-127C-4A0E-8379-02FF9E80F699}.Debug|Any CPU.Build.0 = Debug|Any CPU
		{12BAFB30-127C-4A0E-8379-02FF9E80F699}.Release|Any CPU.ActiveCfg = Release|Any CPU
		{12BAFB30-127C-4A0E-8379-02FF9E80F699}.Release|Any CPU.Build.0 = Release|Any CPU
		{628A3A94-FA7F-49E2-A202-960D8CD650A0}.Debug|Any CPU.ActiveCfg = Debug|Any CPU
		{628A3A94-FA7F-49E2-A202-960D8CD650A0}.Debug|Any CPU.Build.0 = Debug|Any CPU
		{628A3A94-FA7F-49E2-A202-960D8CD650A0}.Release|Any CPU.ActiveCfg = Release|Any CPU
		{628A3A94-FA7F-49E2-A202-960D8CD650A0}.Release|Any CPU.Build.0 = Release|Any CPU
	EndGlobalSection
	GlobalSection(SolutionProperties) = preSolution
		HideSolutionNode = FALSE
	EndGlobalSection
	GlobalSection(ExtensibilityGlobals) = postSolution
		SolutionGuid = {48AF7979-5F9A-4776-A1AB-E1499BE03332}
	EndGlobalSection
EndGlobal
